
Microsoft Visual Studio Solution File, Format Version 12.00
# Visual Studio 15
VisualStudioVersion = 15.0.28010.2050
MinimumVisualStudioVersion = 10.0.40219.1
Project("{FAE04EC0-301F-11D3-BF4B-00C04F79EFBC}") = "UserControlsForShopFloor", "UserControlsForShopFloor\UserControlsForShopFloor.csproj", "{7566FD00-BF57-4E43-9AFB-D1786C96B65B}"
EndProject
Global
	GlobalSection(SolutionConfigurationPlatforms) = preSolution
		Debug|Any CPU = Debug|Any CPU
		Release|Any CPU = Release|Any CPU
	EndGlobalSection
	GlobalSection(ProjectConfigurationPlatforms) = postSolution
		{7566FD00-BF57-4E43-9AFB-D1786C96B65B}.Debug|Any CPU.ActiveCfg = Debug|Any CPU
		{7566FD00-BF57-4E43-9AFB-D1786C96B65B}.Debug|Any CPU.Build.0 = Debug|Any CPU
		{7566FD00-BF57-4E43-9AFB-D1786C96B65B}.Release|Any CPU.ActiveCfg = Release|Any CPU
		{7566FD00-BF57-4E43-9AFB-D1786C96B65B}.Release|Any CPU.Build.0 = Release|Any CPU
	EndGlobalSection
	GlobalSection(SolutionProperties) = preSolution
		HideSolutionNode = FALSE
	EndGlobalSection
	GlobalSection(ExtensibilityGlobals) = postSolution
		SolutionGuid = {10ED9763-C6BF-47A3-9885-59E1184ED013}
	EndGlobalSection
	GlobalSection(TeamFoundationVersionControl) = preSolution
		SccNumberOfProjects = 2
		SccEnterpriseProvider = {4CA58AB2-18FA-4F8D-95D4-32DDF27D184C}
		SccTeamFoundationServer = https://overwraps.visualstudio.com/
		SccLocalPath0 = .
		SccProjectUniqueName1 = UserControlsForShopFloor\\UserControlsForShopFloor.csproj
		SccProjectName1 = UserControlsForShopFloor
		SccLocalPath1 = UserControlsForShopFloor
	EndGlobalSection
EndGlobal
